{
  "name": "photo-atlas-parser",
  "version": "0.1.0",
  "lockfileVersion": 3,
  "requires": true,
  "packages": {
    "": {
      "name": "photo-atlas-parser",
      "version": "0.1.0",
      "dependencies": {
        "exiftool-vendored": "^35.18.0",
        "heic-convert": "^2.1.0"
      },
      "devDependencies": {
        "@types/node": "^25.6.0"
      }
    },
    "node_modules/@photostructure/tz-lookup": {
      "version": "11.5.0",
      "resolved": "https://registry.npmmirror.com/@photostructure/tz-lookup/-/tz-lookup-11.5.0.tgz",
      "integrity": "sha512-0DVFriinZ7TeOnm9ytXeSL3NMFU87ZqMjgbPNkd8LgHFLcPg1BDyM1eewFYs+pPM+62S4fSP9Mtgijmn+6y95w==",
      "license": "CC0-1.0"
    },
    "node_modules/@types/luxon": {
      "version": "3.7.1",
      "resolved": "https://registry.npmmirror.com/@types/luxon/-/luxon-3.7.1.tgz",
      "integrity": "sha512-H3iskjFIAn5SlJU7OuxUmTEpebK6TKB8rxZShDslBMZJ5u9S//KM1sbdAisiSrqwLQncVjnpi2OK2J51h+4lsg==",
      "license": "MIT"
    },
    "node_modules/@types/node": {
      "version": "25.6.0",
      "resolved": "https://registry.npmmirror.com/@types/node/-/node-25.6.0.tgz",
      "integrity": "sha512-+qIYRKdNYJwY3vRCZMdJbPLJAtGjQBudzZzdzwQYkEPQd+PJGixUL5QfvCLDaULoLv+RhT3LDkwEfKaAkgSmNQ==",
      "dev": true,
      "license": "MIT",
      "dependencies": {
        "undici-types": "~7.19.0"
      }
    },
    "node_modules/batch-cluster": {
      "version": "17.3.1",
      "resolved": "https://registry.npmmirror.com/batch-cluster/-/batch-cluster-17.3.1.tgz",
      "integrity": "sha512-/aWEgZKXgvEseV3WEIRyjDoFka9FTrpt5+FYCxn+giUgveGBKxWjz3cl26V3aD+1kvOBP3nmANZZfcXDmKzcAA==",
      "license": "MIT",
      "engines": {
        "node": ">=20"
      }
    },
    "node_modules/exiftool-vendored": {
      "version": "35.18.0",
      "resolved": "https://registry.npmmirror.com/exiftool-vendored/-/exiftool-vendored-35.18.0.tgz",
      "integrity": "sha512-QBtYNz71VAwZWqxFP1iWWS9qwOx3b9MSpk0GAMyIfS8gupUWsOyhn4i2WrB4OlRSQPuQ2YeKSw2fygi6E0LGiw==",
      "license": "MIT",
      "dependencies": {
        "@photostructure/tz-lookup": "^11.5.0",
        "@types/luxon": "^3.7.1",
        "batch-cluster": "^17.3.1",
        "he": "^1.2.0",
        "luxon": "^3.7.2"
      },
      "engines": {
        "node": ">=20.0.0"
      },
      "optionalDependencies": {
        "exiftool-vendored.exe": "13.57.0",
        "exiftool-vendored.pl": "13.57.0"
      }
    },
    "node_modules/exiftool-vendored.exe": {
      "version": "13.57.0",
      "resolved": "https://registry.npmmirror.com/exiftool-vendored.exe/-/exiftool-vendored.exe-13.57.0.tgz",
      "integrity": "sha512-9ENCWzUiFy6F/O4jSX50ygSGrTOtvoqJFWE0zAOl7VL/EFooLWNF0LkaNSox0ibbIsQz5rWSKi0TPlEbF4qBIw==",
      "license": "MIT",
      "optional": true,
      "os": [
        "win32"
      ]
    },
    "node_modules/exiftool-vendored.pl": {
      "version": "13.57.0",
      "resolved": "https://registry.npmmirror.com/exiftool-vendored.pl/-/exiftool-vendored.pl-13.57.0.tgz",
      "integrity": "sha512-7HYhrIygbfKD+E/sUF9L8YEs7qCEFLFWKoeevJllnD9jxVvZ09tfFsjbBPQ7SAgGwWSHW//SVULFHLgrO8JsBw==",
      "license": "MIT",
      "optional": true,
      "os": [
        "!win32"
      ],
      "bin": {
        "exiftool": "bin/exiftool"
      }
    },
    "node_modules/he": {
      "version": "1.2.0",
      "resolved": "https://registry.npmmirror.com/he/-/he-1.2.0.tgz",
      "integrity": "sha512-F/1DnUGPopORZi0ni+CvrCgHQ5FyEAHRLSApuYWMmrbSwoN2Mn/7k+Gl38gJnR7yyDZk6WLXwiGod1JOWNDKGw==",
      "license": "MIT",
      "bin": {
        "he": "bin/he"
      }
    },
    "node_modules/heic-convert": {
      "version": "2.1.0",
      "resolved": "https://registry.npmmirror.com/heic-convert/-/heic-convert-2.1.0.tgz",
      "integrity": "sha512-1qDuRvEHifTVAj3pFIgkqGgJIr0M3X7cxEPjEp0oG4mo8GFjq99DpCo8Eg3kg17Cy0MTjxpFdoBHOatj7ZVKtg==",
      "license": "ISC",
      "dependencies": {
        "heic-decode": "^2.0.0",
        "jpeg-js": "^0.4.4",
        "pngjs": "^6.0.0"
      },
      "engines": {
        "node": ">=12.0.0"
      }
    },
    "node_modules/heic-decode": {
      "version": "2.1.0",
      "resolved": "https://registry.npmmirror.com/heic-decode/-/heic-decode-2.1.0.tgz",
      "integrity": "sha512-0fB3O3WMk38+PScbHLVp66jcNhsZ/ErtQ6u2lMYu/YxXgbBtl+oKOhGQHa4RpvE68k8IzbWkABzHnyAIjR758A==",
      "license": "ISC",
      "dependencies": {
        "libheif-js": "^1.19.8"
      },
      "engines": {
        "node": ">=8.0.0"
      }
    },
    "node_modules/jpeg-js": {
      "version": "0.4.4",
      "resolved": "https://registry.npmmirror.com/jpeg-js/-/jpeg-js-0.4.4.tgz",
      "integrity": "sha512-WZzeDOEtTOBK4Mdsar0IqEU5sMr3vSV2RqkAIzUEV2BHnUfKGyswWFPFwK5EeDo93K3FohSHbLAjj0s1Wzd+dg==",
      "license": "BSD-3-Clause"
    },
    "node_modules/libheif-js": {
      "version": "1.19.8",
      "resolved": "https://registry.npmmirror.com/libheif-js/-/libheif-js-1.19.8.tgz",
      "integrity": "sha512-vQJWusIxO7wavpON1dusciL8Go9jsIQ+EUrckauFYAiSTjcmLAsuJh3SszLpvkwPci3JcL41ek2n+LUZGFpPIQ==",
      "license": "LGPL-3.0",
      "engines": {
        "node": ">=8.0.0"
      }
    },
    "node_modules/luxon": {
      "version": "3.7.2",
      "resolved": "https://registry.npmmirror.com/luxon/-/luxon-3.7.2.tgz",
      "integrity": "sha512-vtEhXh/gNjI9Yg1u4jX/0YVPMvxzHuGgCm6tC5kZyb08yjGWGnqAjGJvcXbqQR2P3MyMEFnRbpcdFS6PBcLqew==",
      "license": "MIT",
      "engines": {
        "node": ">=12"
      }
    },
    "node_modules/pngjs": {
      "version": "6.0.0",
      "resolved": "https://registry.npmmirror.com/pngjs/-/pngjs-6.0.0.tgz",
      "integrity": "sha512-TRzzuFRRmEoSW/p1KVAmiOgPco2Irlah+bGFCeNfJXxxYGwSw7YwAOAcd7X28K/m5bjBWKsC29KyoMfHbypayg==",
      "license": "MIT",
      "engines": {
        "node": ">=12.13.0"
      }
    },
    "node_modules/undici-types": {
      "version": "7.19.2",
      "resolved": "https://registry.npmmirror.com/undici-types/-/undici-types-7.19.2.tgz",
      "integrity": "sha512-qYVnV5OEm2AW8cJMCpdV20CDyaN3g0AjDlOGf1OW4iaDEx8MwdtChUp4zu4H0VP3nDRF/8RKWH+IPp9uW0YGZg==",
      "dev": true,
      "license": "MIT"
    }
  }
}
